
Microsoft Visual Studio Solution File, Format Version 12.00
# Visual Studio Version 16
VisualStudioVersion = 16.0.30320.27
MinimumVisualStudioVersion = 10.0.40219.1
Project("{FAE04EC0-301F-11D3-BF4B-00C04F79EFBC}") = "API", "API\API.csproj", "{ED313A0F-93D8-4F33-9B3C-CF94125E6CE2}"
EndProject
Project("{FAE04EC0-301F-11D3-BF4B-00C04F79EFBC}") = "Entities", "Entities\Entities.csproj", "{6CC5D76B-C66C-46AC-AC47-3CF23DFBE329}"
EndProject
Global
	GlobalSection(SolutionConfigurationPlatforms) = preSolution
		Debug|Any CPU = Debug|Any CPU
		Release|Any CPU = Release|Any CPU
	EndGlobalSection
	GlobalSection(ProjectConfigurationPlatforms) = postSolution
		{ED313A0F-93D8-4F33-9B3C-CF94125E6CE2}.Debug|Any CPU.ActiveCfg = Debug|Any CPU
		{ED313A0F-93D8-4F33-9B3C-CF94125E6CE2}.Debug|Any CPU.Build.0 = Debug|Any CPU
		{ED313A0F-93D8-4F33-9B3C-CF94125E6CE2}.Release|Any CPU.ActiveCfg = Release|Any CPU
		{ED313A0F-93D8-4F33-9B3C-CF94125E6CE2}.Release|Any CPU.Build.0 = Release|Any CPU
		{6CC5D76B-C66C-46AC-AC47-3CF23DFBE329}.Debug|Any CPU.ActiveCfg = Debug|Any CPU
		{6CC5D76B-C66C-46AC-AC47-3CF23DFBE329}.Debug|Any CPU.Build.0 = Debug|Any CPU
		{6CC5D76B-C66C-46AC-AC47-3CF23DFBE329}.Release|Any CPU.ActiveCfg = Release|Any CPU
		{6CC5D76B-C66C-46AC-AC47-3CF23DFBE329}.Release|Any CPU.Build.0 = Release|Any CPU
	EndGlobalSection
	GlobalSection(SolutionProperties) = preSolution
		HideSolutionNode = FALSE
	EndGlobalSection
	GlobalSection(ExtensibilityGlobals) = postSolution
		SolutionGuid = {4FBEC492-80A7-4BEA-8785-48B9C08AB5F0}
	EndGlobalSection
EndGlobal
