
Microsoft Visual Studio Solution File, Format Version 12.00
# Visual Studio Version 16
VisualStudioVersion = 16.0.30320.27
MinimumVisualStudioVersion = 10.0.40219.1
Project("{9A19103F-16F7-4668-BE54-9A1E7A4F7556}") = "HostApp", "API\HostApp.csproj", "{ED313A0F-93D8-4F33-9B3C-CF94125E6CE2}"
EndProject
Project("{9A19103F-16F7-4668-BE54-9A1E7A4F7556}") = "Entities", "Entities\Entities.csproj", "{6CC5D76B-C66C-46AC-AC47-3CF23DFBE329}"
EndProject
Project("{9A19103F-16F7-4668-BE54-9A1E7A4F7556}") = "L5aStrat-Earth", "GameEngine-L5aStrat-Earth\L5aStrat-Earth.csproj", "{8B47B218-6376-47EA-A66D-CAE30D5D89F7}"
EndProject
Global
	GlobalSection(SolutionConfigurationPlatforms) = preSolution
		Debug|Any CPU = Debug|Any CPU
		Release|Any CPU = Release|Any CPU
	EndGlobalSection
	GlobalSection(ProjectConfigurationPlatforms) = postSolution
		{ED313A0F-93D8-4F33-9B3C-CF94125E6CE2}.Debug|Any CPU.ActiveCfg = Debug|Any CPU
		{ED313A0F-93D8-4F33-9B3C-CF94125E6CE2}.Debug|Any CPU.Build.0 = Debug|Any CPU
		{ED313A0F-93D8-4F33-9B3C-CF94125E6CE2}.Release|Any CPU.ActiveCfg = Release|Any CPU
		{ED313A0F-93D8-4F33-9B3C-CF94125E6CE2}.Release|Any CPU.Build.0 = Release|Any CPU
		{6CC5D76B-C66C-46AC-AC47-3CF23DFBE329}.Debug|Any CPU.ActiveCfg = Debug|Any CPU
		{6CC5D76B-C66C-46AC-AC47-3CF23DFBE329}.Debug|Any CPU.Build.0 = Debug|Any CPU
		{6CC5D76B-C66C-46AC-AC47-3CF23DFBE329}.Release|Any CPU.ActiveCfg = Release|Any CPU
		{6CC5D76B-C66C-46AC-AC47-3CF23DFBE329}.Release|Any CPU.Build.0 = Release|Any CPU
		{8B47B218-6376-47EA-A66D-CAE30D5D89F7}.Debug|Any CPU.ActiveCfg = Debug|Any CPU
		{8B47B218-6376-47EA-A66D-CAE30D5D89F7}.Debug|Any CPU.Build.0 = Debug|Any CPU
		{8B47B218-6376-47EA-A66D-CAE30D5D89F7}.Release|Any CPU.ActiveCfg = Release|Any CPU
		{8B47B218-6376-47EA-A66D-CAE30D5D89F7}.Release|Any CPU.Build.0 = Release|Any CPU
	EndGlobalSection
	GlobalSection(SolutionProperties) = preSolution
		HideSolutionNode = FALSE
	EndGlobalSection
	GlobalSection(ExtensibilityGlobals) = postSolution
		SolutionGuid = {4FBEC492-80A7-4BEA-8785-48B9C08AB5F0}
	EndGlobalSection
EndGlobal
